dependencies:
- name: postgresql
  repository: https://charts.bitnami.com/bitnami/
  version: 8.10.5
- name: rabbitmq
  repository: https://charts.bitnami.com/bitnami/
  version: 6.27.0
digest: sha256:935a586ed4f105696988a94ce02e9cf903fbe8afe9336e98817674acfbda9b7b
generated: "2020-06-12T17:08:13.113419085+02:00"
